
Microsoft Visual Studio Solution File, Format Version 12.00
# Visual Studio Version 16
VisualStudioVersion = 16.0.30523.141
MinimumVisualStudioVersion = 10.0.40219.1
Project("{9A19103F-16F7-4668-BE54-9A1E7A4F7556}") = "AngularLogin1", "AngularLogin1\AngularLogin1.csproj", "{6F155577-661F-403F-B1B1-9C53B80DFCAB}"
EndProject
Project("{9A19103F-16F7-4668-BE54-9A1E7A4F7556}") = "ApiService", "ApiService\ApiService.csproj", "{56CDCD0F-E09E-498B-A8CF-075B1D450D51}"
EndProject
Project("{9A19103F-16F7-4668-BE54-9A1E7A4F7556}") = "AngularLogin2", "AngularLogin2\AngularLogin2.csproj", "{2E6E5666-0534-4430-8633-528120D2E27A}"
EndProject
Project("{FAE04EC0-301F-11D3-BF4B-00C04F79EFBC}") = "AngularLogin3", "AngularLogin3\AngularLogin3.csproj", "{6F9B8CB3-AEAD-4A6B-8988-24C941DF991B}"
EndProject
Global
	GlobalSection(SolutionConfigurationPlatforms) = preSolution
		Debug|Any CPU = Debug|Any CPU
		Release|Any CPU = Release|Any CPU
	EndGlobalSection
	GlobalSection(ProjectConfigurationPlatforms) = postSolution
		{6F155577-661F-403F-B1B1-9C53B80DFCAB}.Debug|Any CPU.ActiveCfg = Debug|Any CPU
		{6F155577-661F-403F-B1B1-9C53B80DFCAB}.Debug|Any CPU.Build.0 = Debug|Any CPU
		{6F155577-661F-403F-B1B1-9C53B80DFCAB}.Release|Any CPU.ActiveCfg = Release|Any CPU
		{6F155577-661F-403F-B1B1-9C53B80DFCAB}.Release|Any CPU.Build.0 = Release|Any CPU
		{56CDCD0F-E09E-498B-A8CF-075B1D450D51}.Debug|Any CPU.ActiveCfg = Debug|Any CPU
		{56CDCD0F-E09E-498B-A8CF-075B1D450D51}.Debug|Any CPU.Build.0 = Debug|Any CPU
		{56CDCD0F-E09E-498B-A8CF-075B1D450D51}.Release|Any CPU.ActiveCfg = Release|Any CPU
		{56CDCD0F-E09E-498B-A8CF-075B1D450D51}.Release|Any CPU.Build.0 = Release|Any CPU
		{2E6E5666-0534-4430-8633-528120D2E27A}.Debug|Any CPU.ActiveCfg = Debug|Any CPU
		{2E6E5666-0534-4430-8633-528120D2E27A}.Debug|Any CPU.Build.0 = Debug|Any CPU
		{2E6E5666-0534-4430-8633-528120D2E27A}.Release|Any CPU.ActiveCfg = Release|Any CPU
		{2E6E5666-0534-4430-8633-528120D2E27A}.Release|Any CPU.Build.0 = Release|Any CPU
		{6F9B8CB3-AEAD-4A6B-8988-24C941DF991B}.Debug|Any CPU.ActiveCfg = Debug|Any CPU
		{6F9B8CB3-AEAD-4A6B-8988-24C941DF991B}.Debug|Any CPU.Build.0 = Debug|Any CPU
		{6F9B8CB3-AEAD-4A6B-8988-24C941DF991B}.Release|Any CPU.ActiveCfg = Release|Any CPU
		{6F9B8CB3-AEAD-4A6B-8988-24C941DF991B}.Release|Any CPU.Build.0 = Release|Any CPU
	EndGlobalSection
	GlobalSection(SolutionProperties) = preSolution
		HideSolutionNode = FALSE
	EndGlobalSection
	GlobalSection(ExtensibilityGlobals) = postSolution
		SolutionGuid = {1DE5B77C-4EE4-4D98-9F71-26CF755AEEC4}
	EndGlobalSection
EndGlobal
